
Microsoft Visual Studio Solution File, Format Version 12.00
# Visual Studio Version 17
VisualStudioVersion = 17.0.31912.275
MinimumVisualStudioVersion = 10.0.40219.1
Project("{FAE04EC0-301F-11D3-BF4B-00C04F79EFBC}") = "Main_App", "Main_App\Main_App.csproj", "{18181D71-167C-4633-97C4-359F31FD00E0}"
EndProject
Project("{FAE04EC0-301F-11D3-BF4B-00C04F79EFBC}") = "Main", "Main\Main.csproj", "{CF65DD05-475C-42AD-9666-4F81F0656B91}"
EndProject
Global
	GlobalSection(SolutionConfigurationPlatforms) = preSolution
		Debug|Any CPU = Debug|Any CPU
		Release|Any CPU = Release|Any CPU
	EndGlobalSection
	GlobalSection(ProjectConfigurationPlatforms) = postSolution
		{18181D71-167C-4633-97C4-359F31FD00E0}.Debug|Any CPU.ActiveCfg = Debug|Any CPU
		{18181D71-167C-4633-97C4-359F31FD00E0}.Debug|Any CPU.Build.0 = Debug|Any CPU
		{18181D71-167C-4633-97C4-359F31FD00E0}.Release|Any CPU.ActiveCfg = Release|Any CPU
		{18181D71-167C-4633-97C4-359F31FD00E0}.Release|Any CPU.Build.0 = Release|Any CPU
		{CF65DD05-475C-42AD-9666-4F81F0656B91}.Debug|Any CPU.ActiveCfg = Debug|Any CPU
		{CF65DD05-475C-42AD-9666-4F81F0656B91}.Debug|Any CPU.Build.0 = Debug|Any CPU
		{CF65DD05-475C-42AD-9666-4F81F0656B91}.Release|Any CPU.ActiveCfg = Release|Any CPU
		{CF65DD05-475C-42AD-9666-4F81F0656B91}.Release|Any CPU.Build.0 = Release|Any CPU
	EndGlobalSection
	GlobalSection(SolutionProperties) = preSolution
		HideSolutionNode = FALSE
	EndGlobalSection
	GlobalSection(ExtensibilityGlobals) = postSolution
		SolutionGuid = {E0B89B42-DCD1-4A1F-B905-0AFDA3BABC05}
	EndGlobalSection
EndGlobal
